{
  "name": "anychart-angularjs",
  "version": "1.2.1",
  "lockfileVersion": 2,
  "requires": true,
  "packages": {
    "": {
      "name": "anychart-angularjs",
      "version": "1.2.1",
      "license": "Apache-2.0",
      "dependencies": {
        "angular": "^1.6.7",
        "anychart": "latest"
      }
    },
    "node_modules/angular": {
      "version": "1.6.9",
      "resolved": "https://registry.npmjs.org/angular/-/angular-1.6.9.tgz",
      "integrity": "sha512-6igWH2GIsxV+J38wNWCh8oyjaZsrIPIDO35twloIUyjlF2Yit6UyLAWujHP05ma/LFxTsx4NtYibRoMNBXPR1A=="
    },
    "node_modules/anychart": {
      "version": "8.2.0",
      "resolved": "https://registry.npmjs.org/anychart/-/anychart-8.2.0.tgz",
      "integrity": "sha512-/Flcv92mqAe3sawAoSGdKyGdUjWuZE8drxcc3ONcBD6orYkdc6bsp43tp1KNmWWYyn3HydfRonfWRr6adk6Oew=="
    }
  },
  "dependencies": {
    "angular": {
      "version": "1.6.9",
      "resolved": "https://registry.npmjs.org/angular/-/angular-1.6.9.tgz",
      "integrity": "sha512-6igWH2GIsxV+J38wNWCh8oyjaZsrIPIDO35twloIUyjlF2Yit6UyLAWujHP05ma/LFxTsx4NtYibRoMNBXPR1A=="
    },
    "anychart": {
      "version": "8.2.0",
      "resolved": "https://registry.npmjs.org/anychart/-/anychart-8.2.0.tgz",
      "integrity": "sha512-/Flcv92mqAe3sawAoSGdKyGdUjWuZE8drxcc3ONcBD6orYkdc6bsp43tp1KNmWWYyn3HydfRonfWRr6adk6Oew=="
    }
  }
}
