{
  "name": "anychart-angularjs",
  "version": "1.2.0",
  "lockfileVersion": 1,
  "requires": true,
  "dependencies": {
    "angular": {
      "version": "1.6.6",
      "resolved": "https://registry.npmjs.org/angular/-/angular-1.6.6.tgz",
      "integrity": "sha1-/Vo8+0N844LYVO4BEgeXl4Uny2Q="
    },
    "anychart": {
      "version": "8.0.0",
      "resolved": "https://registry.npmjs.org/anychart/-/anychart-8.0.0.tgz",
      "integrity": "sha1-3RILHzoguYz4Cq/fGo60KH0I5/s="
    }
  }
}
