{
  "name": "anychart-angularjs",
  "version": "1.2.0",
  "lockfileVersion": 1,
  "requires": true,
  "dependencies": {
    "angular": {
      "version": "1.6.9",
      "resolved": "https://registry.npmjs.org/angular/-/angular-1.6.9.tgz",
      "integrity": "sha512-6igWH2GIsxV+J38wNWCh8oyjaZsrIPIDO35twloIUyjlF2Yit6UyLAWujHP05ma/LFxTsx4NtYibRoMNBXPR1A=="
    },
    "anychart": {
      "version": "8.2.0",
      "resolved": "https://registry.npmjs.org/anychart/-/anychart-8.2.0.tgz",
      "integrity": "sha512-/Flcv92mqAe3sawAoSGdKyGdUjWuZE8drxcc3ONcBD6orYkdc6bsp43tp1KNmWWYyn3HydfRonfWRr6adk6Oew=="
    }
  }
}
